
Microsoft Visual Studio Solution File, Format Version 12.00
# Visual Studio Version 16
VisualStudioVersion = 16.0.30011.22
MinimumVisualStudioVersion = 10.0.40219.1
Project("{9A19103F-16F7-4668-BE54-9A1E7A4F7556}") = "WpfButtonRings", "WpfButtonRings\WpfButtonRings.csproj", "{9EC2ED2B-DC60-43C3-8D09-46D96A19E79E}"
EndProject
Project("{2150E333-8FDC-42A3-9474-1A3956D46DE8}") = "Solution Items", "Solution Items", "{A08FAC76-FA1E-4FB3-9C29-9A8D9C5AC87E}"
	ProjectSection(SolutionItems) = preProject
		LICENSE = LICENSE
		README.md = README.md
	EndProjectSection
EndProject
Project("{2150E333-8FDC-42A3-9474-1A3956D46DE8}") = "img", "img", "{8F4586D4-F30E-4E54-B8CE-20CD39FAC2B2}"
	ProjectSection(SolutionItems) = preProject
		img\rotation.png = img\rotation.png
		img\sample.png = img\sample.png
	EndProjectSection
EndProject
Global
	GlobalSection(SolutionConfigurationPlatforms) = preSolution
		Debug|Any CPU = Debug|Any CPU
		Release|Any CPU = Release|Any CPU
	EndGlobalSection
	GlobalSection(ProjectConfigurationPlatforms) = postSolution
		{9EC2ED2B-DC60-43C3-8D09-46D96A19E79E}.Debug|Any CPU.ActiveCfg = Debug|Any CPU
		{9EC2ED2B-DC60-43C3-8D09-46D96A19E79E}.Debug|Any CPU.Build.0 = Debug|Any CPU
		{9EC2ED2B-DC60-43C3-8D09-46D96A19E79E}.Release|Any CPU.ActiveCfg = Release|Any CPU
		{9EC2ED2B-DC60-43C3-8D09-46D96A19E79E}.Release|Any CPU.Build.0 = Release|Any CPU
	EndGlobalSection
	GlobalSection(SolutionProperties) = preSolution
		HideSolutionNode = FALSE
	EndGlobalSection
	GlobalSection(ExtensibilityGlobals) = postSolution
		SolutionGuid = {05E41137-AFC4-44EF-A2FB-3E59E96BD0CB}
	EndGlobalSection
EndGlobal
